
Microsoft Visual Studio Solution File, Format Version 12.00
# Visual Studio Version 17
VisualStudioVersion = 17.2.32630.192
MinimumVisualStudioVersion = 10.0.40219.1
Project("{2150E333-8FDC-42A3-9474-1A3956D46DE8}") = "Itens de Solução", "Itens de Solução", "{DB76EEBC-9D87-49B7-B032-B5E4DC70F136}"
	ProjectSection(SolutionItems) = preProject
		readme.mk = readme.mk
	EndProjectSection
EndProject
Project("{FAE04EC0-301F-11D3-BF4B-00C04F79EFBC}") = "WebApi", "WebApi\WebApi.csproj", "{84A30C6E-E9D8-43F0-8682-2D9A8F853986}"
EndProject
Global
	GlobalSection(SolutionConfigurationPlatforms) = preSolution
		Debug|Any CPU = Debug|Any CPU
		Release|Any CPU = Release|Any CPU
	EndGlobalSection
	GlobalSection(ProjectConfigurationPlatforms) = postSolution
		{84A30C6E-E9D8-43F0-8682-2D9A8F853986}.Debug|Any CPU.ActiveCfg = Debug|Any CPU
		{84A30C6E-E9D8-43F0-8682-2D9A8F853986}.Debug|Any CPU.Build.0 = Debug|Any CPU
		{84A30C6E-E9D8-43F0-8682-2D9A8F853986}.Release|Any CPU.ActiveCfg = Release|Any CPU
		{84A30C6E-E9D8-43F0-8682-2D9A8F853986}.Release|Any CPU.Build.0 = Release|Any CPU
	EndGlobalSection
	GlobalSection(SolutionProperties) = preSolution
		HideSolutionNode = FALSE
	EndGlobalSection
	GlobalSection(ExtensibilityGlobals) = postSolution
		SolutionGuid = {F724500F-7684-493D-B4E3-F42E5E201A96}
	EndGlobalSection
EndGlobal
